
Microsoft Visual Studio Solution File, Format Version 12.00
# Visual Studio Version 16
VisualStudioVersion = 16.0.29926.136
MinimumVisualStudioVersion = 10.0.40219.1
Project("{888888A0-9F3D-457C-B088-3A5042F75D52}") = "FirstTensorflow", "FirstTensorflow\FirstTensorflow.pyproj", "{C512E81B-2DDD-45A4-A3CD-AB136C538C30}"
EndProject
Global
	GlobalSection(SolutionConfigurationPlatforms) = preSolution
		Debug|Any CPU = Debug|Any CPU
		Release|Any CPU = Release|Any CPU
	EndGlobalSection
	GlobalSection(ProjectConfigurationPlatforms) = postSolution
		{C512E81B-2DDD-45A4-A3CD-AB136C538C30}.Debug|Any CPU.ActiveCfg = Debug|Any CPU
		{C512E81B-2DDD-45A4-A3CD-AB136C538C30}.Release|Any CPU.ActiveCfg = Release|Any CPU
	EndGlobalSection
	GlobalSection(SolutionProperties) = preSolution
		HideSolutionNode = FALSE
	EndGlobalSection
	GlobalSection(ExtensibilityGlobals) = postSolution
		SolutionGuid = {815CEE51-375D-4F3B-9813-49024F6E2C0C}
	EndGlobalSection
EndGlobal
